
Microsoft Visual Studio Solution File, Format Version 12.00
# Visual Studio Version 16
VisualStudioVersion = 16.0.31424.327
MinimumVisualStudioVersion = 10.0.40219.1
Project("{FAE04EC0-301F-11D3-BF4B-00C04F79EFBC}") = "TaskEpam4", "TaskEpam4.csproj", "{B83EC166-3E36-4D95-BFB6-329039E53625}"
EndProject
Global
	GlobalSection(SolutionConfigurationPlatforms) = preSolution
		Debug|Any CPU = Debug|Any CPU
		Release|Any CPU = Release|Any CPU
	EndGlobalSection
	GlobalSection(ProjectConfigurationPlatforms) = postSolution
		{B83EC166-3E36-4D95-BFB6-329039E53625}.Debug|Any CPU.ActiveCfg = Debug|Any CPU
		{B83EC166-3E36-4D95-BFB6-329039E53625}.Debug|Any CPU.Build.0 = Debug|Any CPU
		{B83EC166-3E36-4D95-BFB6-329039E53625}.Release|Any CPU.ActiveCfg = Release|Any CPU
		{B83EC166-3E36-4D95-BFB6-329039E53625}.Release|Any CPU.Build.0 = Release|Any CPU
	EndGlobalSection
	GlobalSection(SolutionProperties) = preSolution
		HideSolutionNode = FALSE
	EndGlobalSection
	GlobalSection(ExtensibilityGlobals) = postSolution
		SolutionGuid = {C5396FED-3543-467E-9BD7-55A1C6050F71}
	EndGlobalSection
EndGlobal
