
Microsoft Visual Studio Solution File, Format Version 12.00
# Visual Studio Version 16
VisualStudioVersion = 16.0.31424.327
MinimumVisualStudioVersion = 10.0.40219.1
Project("{FAE04EC0-301F-11D3-BF4B-00C04F79EFBC}") = "BookLibrary", "BookLibrary\BookLibrary.csproj", "{08FCEBEB-C400-4A5C-9DD8-6B3685181E22}"
EndProject
Project("{00D1A9C2-B5F0-4AF3-8072-F6C62B433612}") = "LibraryDatabase", "LibraryDatabase\LibraryDatabase.sqlproj", "{3C116A40-5868-4167-A6F8-CA9821235683}"
EndProject
Project("{FAE04EC0-301F-11D3-BF4B-00C04F79EFBC}") = "DaoDBLibrary", "DaoDBLibrary\DaoDBLibrary.csproj", "{6042E5D4-BAF4-4E4A-9D73-9111305700F6}"
EndProject
Project("{FAE04EC0-301F-11D3-BF4B-00C04F79EFBC}") = "DaoDBLibraryTests", "DaoDBLibraryTests\DaoDBLibraryTests.csproj", "{AC64C784-FC5B-449A-9B63-93ACCB8CF290}"
EndProject
Global
	GlobalSection(SolutionConfigurationPlatforms) = preSolution
		Debug|Any CPU = Debug|Any CPU
		Release|Any CPU = Release|Any CPU
	EndGlobalSection
	GlobalSection(ProjectConfigurationPlatforms) = postSolution
		{08FCEBEB-C400-4A5C-9DD8-6B3685181E22}.Debug|Any CPU.ActiveCfg = Debug|Any CPU
		{08FCEBEB-C400-4A5C-9DD8-6B3685181E22}.Debug|Any CPU.Build.0 = Debug|Any CPU
		{08FCEBEB-C400-4A5C-9DD8-6B3685181E22}.Release|Any CPU.ActiveCfg = Release|Any CPU
		{08FCEBEB-C400-4A5C-9DD8-6B3685181E22}.Release|Any CPU.Build.0 = Release|Any CPU
		{3C116A40-5868-4167-A6F8-CA9821235683}.Debug|Any CPU.ActiveCfg = Debug|Any CPU
		{3C116A40-5868-4167-A6F8-CA9821235683}.Debug|Any CPU.Build.0 = Debug|Any CPU
		{3C116A40-5868-4167-A6F8-CA9821235683}.Debug|Any CPU.Deploy.0 = Debug|Any CPU
		{3C116A40-5868-4167-A6F8-CA9821235683}.Release|Any CPU.ActiveCfg = Release|Any CPU
		{3C116A40-5868-4167-A6F8-CA9821235683}.Release|Any CPU.Build.0 = Release|Any CPU
		{3C116A40-5868-4167-A6F8-CA9821235683}.Release|Any CPU.Deploy.0 = Release|Any CPU
		{6042E5D4-BAF4-4E4A-9D73-9111305700F6}.Debug|Any CPU.ActiveCfg = Debug|Any CPU
		{6042E5D4-BAF4-4E4A-9D73-9111305700F6}.Debug|Any CPU.Build.0 = Debug|Any CPU
		{6042E5D4-BAF4-4E4A-9D73-9111305700F6}.Release|Any CPU.ActiveCfg = Release|Any CPU
		{6042E5D4-BAF4-4E4A-9D73-9111305700F6}.Release|Any CPU.Build.0 = Release|Any CPU
		{AC64C784-FC5B-449A-9B63-93ACCB8CF290}.Debug|Any CPU.ActiveCfg = Debug|Any CPU
		{AC64C784-FC5B-449A-9B63-93ACCB8CF290}.Debug|Any CPU.Build.0 = Debug|Any CPU
		{AC64C784-FC5B-449A-9B63-93ACCB8CF290}.Release|Any CPU.ActiveCfg = Release|Any CPU
		{AC64C784-FC5B-449A-9B63-93ACCB8CF290}.Release|Any CPU.Build.0 = Release|Any CPU
	EndGlobalSection
	GlobalSection(SolutionProperties) = preSolution
		HideSolutionNode = FALSE
	EndGlobalSection
	GlobalSection(ExtensibilityGlobals) = postSolution
		SolutionGuid = {0830C214-FFE3-4A57-AE9D-69F77D16D035}
	EndGlobalSection
EndGlobal
