
Microsoft Visual Studio Solution File, Format Version 12.00
# Visual Studio Version 16
VisualStudioVersion = 16.0.31424.327
MinimumVisualStudioVersion = 10.0.40219.1
Project("{FAE04EC0-301F-11D3-BF4B-00C04F79EFBC}") = "AutoparkLibrary", "AutoparkLibrary\AutoparkLibrary.csproj", "{37D863E9-3817-489D-8C0A-91CCD4993A0E}"
EndProject
Global
	GlobalSection(SolutionConfigurationPlatforms) = preSolution
		Debug|Any CPU = Debug|Any CPU
		Release|Any CPU = Release|Any CPU
	EndGlobalSection
	GlobalSection(ProjectConfigurationPlatforms) = postSolution
		{37D863E9-3817-489D-8C0A-91CCD4993A0E}.Debug|Any CPU.ActiveCfg = Debug|Any CPU
		{37D863E9-3817-489D-8C0A-91CCD4993A0E}.Debug|Any CPU.Build.0 = Debug|Any CPU
		{37D863E9-3817-489D-8C0A-91CCD4993A0E}.Release|Any CPU.ActiveCfg = Release|Any CPU
		{37D863E9-3817-489D-8C0A-91CCD4993A0E}.Release|Any CPU.Build.0 = Release|Any CPU
	EndGlobalSection
	GlobalSection(SolutionProperties) = preSolution
		HideSolutionNode = FALSE
	EndGlobalSection
	GlobalSection(ExtensibilityGlobals) = postSolution
		SolutionGuid = {6C04810A-4028-4C14-9DCC-BD60F2627BDC}
	EndGlobalSection
EndGlobal
