
Microsoft Visual Studio Solution File, Format Version 12.00
# Visual Studio Version 16
VisualStudioVersion = 16.0.31424.327
MinimumVisualStudioVersion = 10.0.40219.1
Project("{FAE04EC0-301F-11D3-BF4B-00C04F79EFBC}") = "Task4Library", "Task4\Task4Library.csproj", "{DA259DCC-0988-4A61-8665-364308C5E54F}"
EndProject
Global
	GlobalSection(SolutionConfigurationPlatforms) = preSolution
		Debug|Any CPU = Debug|Any CPU
		Release|Any CPU = Release|Any CPU
	EndGlobalSection
	GlobalSection(ProjectConfigurationPlatforms) = postSolution
		{DA259DCC-0988-4A61-8665-364308C5E54F}.Debug|Any CPU.ActiveCfg = Debug|Any CPU
		{DA259DCC-0988-4A61-8665-364308C5E54F}.Debug|Any CPU.Build.0 = Debug|Any CPU
		{DA259DCC-0988-4A61-8665-364308C5E54F}.Release|Any CPU.ActiveCfg = Release|Any CPU
		{DA259DCC-0988-4A61-8665-364308C5E54F}.Release|Any CPU.Build.0 = Release|Any CPU
	EndGlobalSection
	GlobalSection(SolutionProperties) = preSolution
		HideSolutionNode = FALSE
	EndGlobalSection
	GlobalSection(ExtensibilityGlobals) = postSolution
		SolutionGuid = {C5396FED-3543-467E-9BD7-55A1C6050F71}
	EndGlobalSection
EndGlobal
